
Microsoft Visual Studio Solution File, Format Version 12.00
# Visual Studio Version 17
VisualStudioVersion = 17.5.002.0
MinimumVisualStudioVersion = 10.0.40219.1
Project("{9A19103F-16F7-4668-BE54-9A1E7A4F7556}") = "ent_scp_294", "ent_scp_294.csproj", "{6BCEAEBA-B6F6-4F67-965A-53F03443F6E6}"
EndProject
Global
	GlobalSection(SolutionConfigurationPlatforms) = preSolution
		Debug|Any CPU = Debug|Any CPU
		Release|Any CPU = Release|Any CPU
	EndGlobalSection
	GlobalSection(ProjectConfigurationPlatforms) = postSolution
		{6BCEAEBA-B6F6-4F67-965A-53F03443F6E6}.Debug|Any CPU.ActiveCfg = Debug|Any CPU
		{6BCEAEBA-B6F6-4F67-965A-53F03443F6E6}.Debug|Any CPU.Build.0 = Debug|Any CPU
		{6BCEAEBA-B6F6-4F67-965A-53F03443F6E6}.Release|Any CPU.ActiveCfg = Release|Any CPU
		{6BCEAEBA-B6F6-4F67-965A-53F03443F6E6}.Release|Any CPU.Build.0 = Release|Any CPU
	EndGlobalSection
	GlobalSection(SolutionProperties) = preSolution
		HideSolutionNode = FALSE
	EndGlobalSection
	GlobalSection(ExtensibilityGlobals) = postSolution
		SolutionGuid = {EA746FBC-19D7-40D2-BA80-3FA0E1D9C3BC}
	EndGlobalSection
EndGlobal
